<?xml version="1.0" encoding="utf-8"?>
<Project ToolsVersion="4.0" xmlns="http://schemas.microsoft.com/developer/msbuild/2003">
  <ItemGroup>
    <Filter Include="Source Files">
      <UniqueIdentifier>{4FC737F1-C7A5-4376-A066-2A32D752A2FF}</UniqueIdentifier>
      <Extensions>cpp;c;cc;cxx;def;odl;idl;hpj;bat;asm;asmx</Extensions>
    </Filter>
    <Filter Include="Header Files">
      <UniqueIdentifier>{93995380-89BD-4b04-88EB-625FBE52EBFB}</UniqueIdentifier>
      <Extensions>h;hh;hpp;hxx;hm;inl;inc;xsd</Extensions>
    </Filter>
    <Filter Include="Resource Files">
      <UniqueIdentifier>{67DA6AB6-F800-4c08-8B7A-83BB121AAD01}</UniqueIdentifier>
      <Extensions>rc;ico;cur;bmp;dlg;rc2;rct;bin;rgs;gif;jpg;jpeg;jpe;resx;tiff;tif;png;wav;mfcribbon-ms</Extensions>
    </Filter>
    <Filter Include="Common">
      <UniqueIdentifier>{ffce0dbb-3cd7-4449-8863-cc7c1c81d56e}</UniqueIdentifier>
    </Filter>
    <Filter Include="Config">
      <UniqueIdentifier>{1078b624-aef6-4446-a06d-f5dbdfecf909}</UniqueIdentifier>
    </Filter>
    <Filter Include="Account">
      <UniqueIdentifier>{422f83b9-4cb6-47f0-ad20-caa27abb7804}</UniqueIdentifier>
    </Filter>
  </ItemGroup>
  <ItemGroup>
    <Text Include="ReadMe.txt" />
  </ItemGroup>
  <ItemGroup>
    <ClInclude Include="LolCenter.h">
      <Filter>Header Files</Filter>
    </ClInclude>
    <ClInclude Include="LolCenterDlg.h">
      <Filter>Header Files</Filter>
    </ClInclude>
    <ClInclude Include="stdafx.h">
      <Filter>Header Files</Filter>
    </ClInclude>
    <ClInclude Include="targetver.h">
      <Filter>Header Files</Filter>
    </ClInclude>
    <ClInclude Include="Resource.h">
      <Filter>Header Files</Filter>
    </ClInclude>
    <ClInclude Include="..\..\MyTools\MyTools\AES.h">
      <Filter>Common</Filter>
    </ClInclude>
    <ClInclude Include="..\..\MyTools\MyTools\Character.h">
      <Filter>Common</Filter>
    </ClInclude>
    <ClInclude Include="..\..\MyTools\MyTools\CLFile.h">
      <Filter>Common</Filter>
    </ClInclude>
    <ClInclude Include="..\..\MyTools\MyTools\CLGrammar.h">
      <Filter>Common</Filter>
    </ClInclude>
    <ClInclude Include="..\..\MyTools\MyTools\CLHead.h">
      <Filter>Common</Filter>
    </ClInclude>
    <ClInclude Include="..\..\MyTools\MyTools\CLHook.h">
      <Filter>Common</Filter>
    </ClInclude>
    <ClInclude Include="..\..\MyTools\MyTools\CLInjector.h">
      <Filter>Common</Filter>
    </ClInclude>
    <ClInclude Include="..\..\MyTools\MyTools\CLLock.h">
      <Filter>Common</Filter>
    </ClInclude>
    <ClInclude Include="..\..\MyTools\MyTools\CLNoModuleDLL.h">
      <Filter>Common</Filter>
    </ClInclude>
    <ClInclude Include="..\..\MyTools\MyTools\CLNoModuleDLL_Struct.h">
      <Filter>Common</Filter>
    </ClInclude>
    <ClInclude Include="..\..\MyTools\MyTools\CLProcess.h">
      <Filter>Common</Filter>
    </ClInclude>
    <ClInclude Include="..\..\MyTools\MyTools\CLPublic.h">
      <Filter>Common</Filter>
    </ClInclude>
    <ClInclude Include="..\..\MyTools\MyTools\CLSearchBase.h">
      <Filter>Common</Filter>
    </ClInclude>
    <ClInclude Include="..\..\MyTools\MyTools\CLThread.h">
      <Filter>Common</Filter>
    </ClInclude>
    <ClInclude Include="..\..\MyTools\MyTools\CLVector.h">
      <Filter>Common</Filter>
    </ClInclude>
    <ClInclude Include="..\..\MyTools\MyTools\PrintLog.h">
      <Filter>Common</Filter>
    </ClInclude>
    <ClInclude Include="..\..\MyTools\MyTools\ToolsPublic.h">
      <Filter>Common</Filter>
    </ClInclude>
    <ClInclude Include="AccountConfig.h">
      <Filter>Config</Filter>
    </ClInclude>
    <ClInclude Include="VarBase.h">
      <Filter>Header Files</Filter>
    </ClInclude>
    <ClInclude Include="AccountModel.h">
      <Filter>Account</Filter>
    </ClInclude>
    <ClInclude Include="UpdateAccountDlg.h">
      <Filter>Header Files</Filter>
    </ClInclude>
    <ClInclude Include="AddAccountDlg.h">
      <Filter>Header Files</Filter>
    </ClInclude>
  </ItemGroup>
  <ItemGroup>
    <ClCompile Include="LolCenter.cpp">
      <Filter>Source Files</Filter>
    </ClCompile>
    <ClCompile Include="LolCenterDlg.cpp">
      <Filter>Source Files</Filter>
    </ClCompile>
    <ClCompile Include="stdafx.cpp">
      <Filter>Source Files</Filter>
    </ClCompile>
    <ClCompile Include="..\..\MyTools\MyTools\AES.cpp">
      <Filter>Common</Filter>
    </ClCompile>
    <ClCompile Include="..\..\MyTools\MyTools\Character.cpp">
      <Filter>Common</Filter>
    </ClCompile>
    <ClCompile Include="..\..\MyTools\MyTools\CLFile.cpp">
      <Filter>Common</Filter>
    </ClCompile>
    <ClCompile Include="..\..\MyTools\MyTools\CLGrammar.cpp">
      <Filter>Common</Filter>
    </ClCompile>
    <ClCompile Include="..\..\MyTools\MyTools\CLHook.cpp">
      <Filter>Common</Filter>
    </ClCompile>
    <ClCompile Include="..\..\MyTools\MyTools\CLInjector.cpp">
      <Filter>Common</Filter>
    </ClCompile>
    <ClCompile Include="..\..\MyTools\MyTools\CLLock.cpp">
      <Filter>Common</Filter>
    </ClCompile>
    <ClCompile Include="..\..\MyTools\MyTools\CLNoModuleDLL.cpp">
      <Filter>Common</Filter>
    </ClCompile>
    <ClCompile Include="..\..\MyTools\MyTools\CLProcess.cpp">
      <Filter>Common</Filter>
    </ClCompile>
    <ClCompile Include="..\..\MyTools\MyTools\CLSearchBase.cpp">
      <Filter>Common</Filter>
    </ClCompile>
    <ClCompile Include="..\..\MyTools\MyTools\CLThread.cpp">
      <Filter>Common</Filter>
    </ClCompile>
    <ClCompile Include="..\..\MyTools\MyTools\CPublic.cpp">
      <Filter>Common</Filter>
    </ClCompile>
    <ClCompile Include="..\..\MyTools\MyTools\PrintLog.cpp">
      <Filter>Common</Filter>
    </ClCompile>
    <ClCompile Include="AccountConfig.cpp">
      <Filter>Config</Filter>
    </ClCompile>
    <ClCompile Include="VarBase.cpp">
      <Filter>Source Files</Filter>
    </ClCompile>
    <ClCompile Include="AccountModel.cpp">
      <Filter>Account</Filter>
    </ClCompile>
    <ClCompile Include="UpdateAccountDlg.cpp">
      <Filter>Source Files</Filter>
    </ClCompile>
    <ClCompile Include="AddAccountDlg.cpp">
      <Filter>Source Files</Filter>
    </ClCompile>
  </ItemGroup>
  <ItemGroup>
    <ResourceCompile Include="LolCenter.rc">
      <Filter>Resource Files</Filter>
    </ResourceCompile>
  </ItemGroup>
  <ItemGroup>
    <None Include="res\LolCenter.rc2">
      <Filter>Resource Files</Filter>
    </None>
  </ItemGroup>
  <ItemGroup>
    <Image Include="res\LolCenter.ico">
      <Filter>Resource Files</Filter>
    </Image>
  </ItemGroup>
</Project>