<?xml version="1.0" encoding="utf-8"?>
<Project ToolsVersion="4.0" xmlns="http://schemas.microsoft.com/developer/msbuild/2003">
  <ItemGroup>
    <Filter Include="源文件">
      <UniqueIdentifier>{4FC737F1-C7A5-4376-A066-2A32D752A2FF}</UniqueIdentifier>
      <Extensions>cpp;c;cc;cxx;def;odl;idl;hpj;bat;asm;asmx</Extensions>
    </Filter>
    <Filter Include="头文件">
      <UniqueIdentifier>{93995380-89BD-4b04-88EB-625FBE52EBFB}</UniqueIdentifier>
      <Extensions>h;hpp;hxx;hm;inl;inc;xsd</Extensions>
    </Filter>
    <Filter Include="资源文件">
      <UniqueIdentifier>{67DA6AB6-F800-4c08-8B7A-83BB121AAD01}</UniqueIdentifier>
      <Extensions>rc;ico;cur;bmp;dlg;rc2;rct;bin;rgs;gif;jpg;jpeg;jpe;resx;tiff;tif;png;wav;mfcribbon-ms</Extensions>
    </Filter>
    <Filter Include="Common">
      <UniqueIdentifier>{e23352af-43a3-4bd1-8245-a5eb36ac9757}</UniqueIdentifier>
    </Filter>
    <Filter Include="GameResource">
      <UniqueIdentifier>{d51050f3-be0f-4926-ad92-e8b13bd9e6ce}</UniqueIdentifier>
    </Filter>
    <Filter Include="Object">
      <UniqueIdentifier>{94288666-bce2-4da3-9044-2073594b4eb2}</UniqueIdentifier>
    </Filter>
  </ItemGroup>
  <ItemGroup>
    <None Include="ReadMe.txt" />
    <None Include="AGEProjects_China.def">
      <Filter>源文件</Filter>
    </None>
    <None Include="res\AGEProjects_China.rc2">
      <Filter>资源文件</Filter>
    </None>
  </ItemGroup>
  <ItemGroup>
    <ClCompile Include="AGEProjects_China.cpp">
      <Filter>源文件</Filter>
    </ClCompile>
    <ClCompile Include="stdafx.cpp">
      <Filter>源文件</Filter>
    </ClCompile>
    <ClCompile Include="GameBase.cpp">
      <Filter>源文件</Filter>
    </ClCompile>
    <ClCompile Include="GameFunction.cpp">
      <Filter>源文件</Filter>
    </ClCompile>
    <ClCompile Include="HookCode.cpp">
      <Filter>源文件</Filter>
    </ClCompile>
    <ClCompile Include="Game.cpp">
      <Filter>源文件</Filter>
    </ClCompile>
    <ClCompile Include="..\..\MyTools\MyTools\Character.cpp">
      <Filter>Common</Filter>
    </ClCompile>
    <ClCompile Include="..\..\MyTools\MyTools\CLHook.cpp">
      <Filter>Common</Filter>
    </ClCompile>
    <ClCompile Include="..\..\MyTools\MyTools\CLThread.cpp">
      <Filter>Common</Filter>
    </ClCompile>
    <ClCompile Include="..\..\MyTools\MyTools\CPublic.cpp">
      <Filter>Common</Filter>
    </ClCompile>
    <ClCompile Include="..\..\MyTools\MyTools\PrintLog.cpp">
      <Filter>Common</Filter>
    </ClCompile>
    <ClCompile Include="..\..\MyTools\MyTools\CLProcess.cpp">
      <Filter>Common</Filter>
    </ClCompile>
    <ClCompile Include="..\..\MyTools\MyTools\CLLock.cpp">
      <Filter>Common</Filter>
    </ClCompile>
    <ClCompile Include="..\..\MyTools\MyTools\CLSearchBase.cpp">
      <Filter>Common</Filter>
    </ClCompile>
    <ClCompile Include="GameRes.cpp">
      <Filter>GameResource</Filter>
    </ClCompile>
    <ClCompile Include="Equment.cpp">
      <Filter>Object</Filter>
    </ClCompile>
    <ClCompile Include="Monster.cpp">
      <Filter>Object</Filter>
    </ClCompile>
    <ClCompile Include="Skill.cpp">
      <Filter>Object</Filter>
    </ClCompile>
    <ClCompile Include="FightFunction.cpp">
      <Filter>源文件</Filter>
    </ClCompile>
    <ClCompile Include="Field.cpp">
      <Filter>源文件</Filter>
    </ClCompile>
    <ClCompile Include="FightFunction_Hero.cpp">
      <Filter>源文件</Filter>
    </ClCompile>
    <ClCompile Include="PersonBuff.cpp">
      <Filter>Object</Filter>
    </ClCompile>
    <ClCompile Include="..\..\MyTools\MyTools\CLNoModuleDLL.cpp">
      <Filter>Common</Filter>
    </ClCompile>
    <ClCompile Include="GameSend.cpp">
      <Filter>源文件</Filter>
    </ClCompile>
  </ItemGroup>
  <ItemGroup>
    <ClInclude Include="AGEProjects_China.h">
      <Filter>头文件</Filter>
    </ClInclude>
    <ClInclude Include="stdafx.h">
      <Filter>头文件</Filter>
    </ClInclude>
    <ClInclude Include="targetver.h">
      <Filter>头文件</Filter>
    </ClInclude>
    <ClInclude Include="Resource.h">
      <Filter>头文件</Filter>
    </ClInclude>
    <ClInclude Include="GameBase.h">
      <Filter>头文件</Filter>
    </ClInclude>
    <ClInclude Include="GameFunction.h">
      <Filter>头文件</Filter>
    </ClInclude>
    <ClInclude Include="GameSend.h">
      <Filter>头文件</Filter>
    </ClInclude>
    <ClInclude Include="GameStruct.h">
      <Filter>头文件</Filter>
    </ClInclude>
    <ClInclude Include="HookCode.h">
      <Filter>头文件</Filter>
    </ClInclude>
    <ClInclude Include="Game.h">
      <Filter>头文件</Filter>
    </ClInclude>
    <ClInclude Include="..\..\MyTools\MyTools\Character.h">
      <Filter>Common</Filter>
    </ClInclude>
    <ClInclude Include="..\..\MyTools\MyTools\CLHead.h">
      <Filter>Common</Filter>
    </ClInclude>
    <ClInclude Include="..\..\MyTools\MyTools\CLHook.h">
      <Filter>Common</Filter>
    </ClInclude>
    <ClInclude Include="..\..\MyTools\MyTools\CLPublic.h">
      <Filter>Common</Filter>
    </ClInclude>
    <ClInclude Include="..\..\MyTools\MyTools\CLThread.h">
      <Filter>Common</Filter>
    </ClInclude>
    <ClInclude Include="..\..\MyTools\MyTools\PrintLog.h">
      <Filter>Common</Filter>
    </ClInclude>
    <ClInclude Include="..\..\MyTools\MyTools\ToolsPublic.h">
      <Filter>Common</Filter>
    </ClInclude>
    <ClInclude Include="..\..\MyTools\MyTools\CLProcess.h">
      <Filter>Common</Filter>
    </ClInclude>
    <ClInclude Include="ByteBuffer.h">
      <Filter>头文件</Filter>
    </ClInclude>
    <ClInclude Include="..\..\MyTools\MyTools\CLLock.h">
      <Filter>Common</Filter>
    </ClInclude>
    <ClInclude Include="..\..\MyTools\MyTools\CLSearchBase.h">
      <Filter>Common</Filter>
    </ClInclude>
    <ClInclude Include="GameRes.h">
      <Filter>GameResource</Filter>
    </ClInclude>
    <ClInclude Include="Equment.h">
      <Filter>Object</Filter>
    </ClInclude>
    <ClInclude Include="Monster.h">
      <Filter>Object</Filter>
    </ClInclude>
    <ClInclude Include="Skill.h">
      <Filter>Object</Filter>
    </ClInclude>
    <ClInclude Include="FightFunction.h">
      <Filter>头文件</Filter>
    </ClInclude>
    <ClInclude Include="Field.h">
      <Filter>头文件</Filter>
    </ClInclude>
    <ClInclude Include="PersonBuff.h">
      <Filter>Object</Filter>
    </ClInclude>
    <ClInclude Include="..\..\MyTools\MyTools\CLNoModuleDLL.h">
      <Filter>Common</Filter>
    </ClInclude>
    <ClInclude Include="..\..\MyTools\MyTools\CLNoModuleDLL_Struct.h">
      <Filter>Common</Filter>
    </ClInclude>
  </ItemGroup>
  <ItemGroup>
    <ResourceCompile Include="AGEProjects_China.rc">
      <Filter>资源文件</Filter>
    </ResourceCompile>
  </ItemGroup>
</Project>